{
    "name": "pgsql-builder",
    "version": "0.1.12",
    "lockfileVersion": 2,
    "requires": true,
    "packages": {
        "": {
            "name": "pgsql-builder",
            "version": "0.1.12",
            "license": "MIT",
            "dependencies": {
                "pg-format": "^1.0.4"
            }
        },
        "node_modules/pg-format": {
            "version": "1.0.4",
            "resolved": "https://registry.npmjs.org/pg-format/-/pg-format-1.0.4.tgz",
            "integrity": "sha1-J3NCNsKtP05QZJFaWTNOIAQKgo4=",
            "engines": {
                "node": ">=4.0"
            }
        }
    },
    "dependencies": {
        "pg-format": {
            "version": "1.0.4",
            "resolved": "https://registry.npmjs.org/pg-format/-/pg-format-1.0.4.tgz",
            "integrity": "sha1-J3NCNsKtP05QZJFaWTNOIAQKgo4="
        }
    }
}
